
Microsoft Visual Studio Solution File, Format Version 12.00
# Visual Studio Version 17
VisualStudioVersion = 17.1.31911.260
MinimumVisualStudioVersion = 10.0.40219.1
Project("{FAE04EC0-301F-11D3-BF4B-00C04F79EFBC}") = "POCAPI", "POCAPI\POCAPI.csproj", "{244A29F9-6F5B-4D19-AF07-555D6FD98D13}"
EndProject
Project("{2150E333-8FDC-42A3-9474-1A3956D46DE8}") = "POCLib", "POCLib", "{EB08A27A-4BFA-444D-AFEC-552EBCD285E8}"
EndProject
Project("{FAE04EC0-301F-11D3-BF4B-00C04F79EFBC}") = "POCRepository", "POCRepository\POCRepository.csproj", "{29D5DAD7-0CFD-465F-9AB9-BACDAF673B53}"
EndProject
Project("{FAE04EC0-301F-11D3-BF4B-00C04F79EFBC}") = "POCModel", "POCModel\POCModel.csproj", "{805C78C0-A0ED-40D3-A7EE-3498A92EDBD6}"
EndProject
Project("{FAE04EC0-301F-11D3-BF4B-00C04F79EFBC}") = "POCService", "POCService\POCService.csproj", "{ADC74195-300F-4F6E-B4DA-F086B137A370}"
EndProject
Global
	GlobalSection(SolutionConfigurationPlatforms) = preSolution
		Debug|Any CPU = Debug|Any CPU
		Release|Any CPU = Release|Any CPU
	EndGlobalSection
	GlobalSection(ProjectConfigurationPlatforms) = postSolution
		{244A29F9-6F5B-4D19-AF07-555D6FD98D13}.Debug|Any CPU.ActiveCfg = Debug|Any CPU
		{244A29F9-6F5B-4D19-AF07-555D6FD98D13}.Debug|Any CPU.Build.0 = Debug|Any CPU
		{244A29F9-6F5B-4D19-AF07-555D6FD98D13}.Release|Any CPU.ActiveCfg = Release|Any CPU
		{244A29F9-6F5B-4D19-AF07-555D6FD98D13}.Release|Any CPU.Build.0 = Release|Any CPU
		{29D5DAD7-0CFD-465F-9AB9-BACDAF673B53}.Debug|Any CPU.ActiveCfg = Debug|Any CPU
		{29D5DAD7-0CFD-465F-9AB9-BACDAF673B53}.Debug|Any CPU.Build.0 = Debug|Any CPU
		{29D5DAD7-0CFD-465F-9AB9-BACDAF673B53}.Release|Any CPU.ActiveCfg = Release|Any CPU
		{29D5DAD7-0CFD-465F-9AB9-BACDAF673B53}.Release|Any CPU.Build.0 = Release|Any CPU
		{805C78C0-A0ED-40D3-A7EE-3498A92EDBD6}.Debug|Any CPU.ActiveCfg = Debug|Any CPU
		{805C78C0-A0ED-40D3-A7EE-3498A92EDBD6}.Debug|Any CPU.Build.0 = Debug|Any CPU
		{805C78C0-A0ED-40D3-A7EE-3498A92EDBD6}.Release|Any CPU.ActiveCfg = Release|Any CPU
		{805C78C0-A0ED-40D3-A7EE-3498A92EDBD6}.Release|Any CPU.Build.0 = Release|Any CPU
		{ADC74195-300F-4F6E-B4DA-F086B137A370}.Debug|Any CPU.ActiveCfg = Debug|Any CPU
		{ADC74195-300F-4F6E-B4DA-F086B137A370}.Debug|Any CPU.Build.0 = Debug|Any CPU
		{ADC74195-300F-4F6E-B4DA-F086B137A370}.Release|Any CPU.ActiveCfg = Release|Any CPU
		{ADC74195-300F-4F6E-B4DA-F086B137A370}.Release|Any CPU.Build.0 = Release|Any CPU
	EndGlobalSection
	GlobalSection(SolutionProperties) = preSolution
		HideSolutionNode = FALSE
	EndGlobalSection
	GlobalSection(NestedProjects) = preSolution
		{29D5DAD7-0CFD-465F-9AB9-BACDAF673B53} = {EB08A27A-4BFA-444D-AFEC-552EBCD285E8}
		{805C78C0-A0ED-40D3-A7EE-3498A92EDBD6} = {EB08A27A-4BFA-444D-AFEC-552EBCD285E8}
		{ADC74195-300F-4F6E-B4DA-F086B137A370} = {EB08A27A-4BFA-444D-AFEC-552EBCD285E8}
	EndGlobalSection
	GlobalSection(ExtensibilityGlobals) = postSolution
		SolutionGuid = {EC6E2C8D-1120-412B-8198-6AB1CA4F56A0}
	EndGlobalSection
EndGlobal
